{
  "nodes": {
    "home-manager": {
      "inputs": {
        "nixpkgs": [
          "impermanence",
          "nixpkgs"
        ]
      },
      "locked": {
        "lastModified": 1768598210,
        "narHash": "sha256-kkgA32s/f4jaa4UG+2f8C225Qvclxnqs76mf8zvTVPg=",
        "owner": "nix-community",
        "repo": "home-manager",
        "rev": "c47b2cc64a629f8e075de52e4742de688f930dc6",
        "type": "github"
      },
      "original": {
        "owner": "nix-community",
        "repo": "home-manager",
        "type": "github"
      }
    },
    "impermanence": {
      "inputs": {
        "home-manager": "home-manager",
        "nixpkgs": "nixpkgs"
      },
      "locked": {
        "lastModified": 1769548169,
        "narHash": "sha256-03+JxvzmfwRu+5JafM0DLbxgHttOQZkUtDWBmeUkN8Y=",
        "owner": "nix-community",
        "repo": "impermanence",
        "rev": "7b1d382faf603b6d264f58627330f9faa5cba149",
        "type": "github"
      },
      "original": {
        "owner": "nix-community",
        "repo": "impermanence",
        "type": "github"
      }
    },
    "netlinkrb": {
      "flake": false,
      "locked": {
        "lastModified": 1562850306,
        "narHash": "sha256-0bXTWUdUDr2XP+bEIfIbxXap8Niva/IoPXTxFeXXImg=",
        "owner": "vpsfreecz",
        "repo": "netlinkrb",
        "rev": "d9de53d843d2586ffa5b7b404887fa801c697ddf",
        "type": "github"
      },
      "original": {
        "owner": "vpsfreecz",
        "repo": "netlinkrb",
        "type": "github"
      }
    },
    "nixpkgs": {
      "locked": {
        "lastModified": 1768564909,
        "narHash": "sha256-Kell/SpJYVkHWMvnhqJz/8DqQg2b6PguxVWOuadbHCc=",
        "owner": "nixos",
        "repo": "nixpkgs",
        "rev": "e4bae1bd10c9c57b2cf517953ab70060a828ee6f",
        "type": "github"
      },
      "original": {
        "owner": "nixos",
        "ref": "nixos-unstable",
        "repo": "nixpkgs",
        "type": "github"
      }
    },
    "nixpkgsUnstable": {
      "locked": {
        "lastModified": 1785454630,
        "narHash": "sha256-LQy14TZp77TwbQf40gg1V3jo8FwJG0jGDkAH+zRHqg8=",
        "owner": "NixOS",
        "repo": "nixpkgs",
        "rev": "1559d3daa3ecc813a650b79375ea61b6741b8746",
        "type": "github"
      },
      "original": {
        "owner": "NixOS",
        "ref": "nixos-unstable",
        "repo": "nixpkgs",
        "type": "github"
      }
    },
    "nixpkgs_2": {
      "locked": {
        "lastModified": 1785491804,
        "narHash": "sha256-p00vplVOyfKGlhju0+eGGPAxyYYKaY0lpyuoHLFIx2Y=",
        "owner": "NixOS",
        "repo": "nixpkgs",
        "rev": "5b4f72e1705a63aace42900610c4db82cb4af0ec",
        "type": "github"
      },
      "original": {
        "owner": "NixOS",
        "ref": "nixos-26.05",
        "repo": "nixpkgs",
        "type": "github"
      }
    },
    "root": {
      "inputs": {
        "impermanence": "impermanence",
        "netlinkrb": "netlinkrb",
        "nixpkgs": "nixpkgs_2",
        "nixpkgsUnstable": "nixpkgsUnstable",
        "ruby-lxc": "ruby-lxc"
      }
    },
    "ruby-lxc": {
      "flake": false,
      "locked": {
        "lastModified": 1780499941,
        "narHash": "sha256-guAdOSP9MyCL3BQ1LGXAhcCoXgEU1fUE69d2ATMqUGE=",
        "owner": "vpsfreecz",
        "repo": "ruby-lxc",
        "rev": "004bf35eb90d41ba60b347b5b1e73d868a4f95d9",
        "type": "github"
      },
      "original": {
        "owner": "vpsfreecz",
        "ref": "2026-06-03-nixos-26-05-port",
        "repo": "ruby-lxc",
        "type": "github"
      }
    }
  },
  "root": "root",
  "version": 7
}
