GEM
  remote: https://rubygems.org/
  specs:
    base64 (0.3.0)
    bindata (2.5.1)
    concurrent-ruby (1.3.6)
    fiddle (1.1.8)
    filelock (1.1.1)
    gli (2.22.2)
      ostruct
    ipaddress (0.8.3)
    json (2.19.8)
    logger (1.7.0)
    ostruct (0.6.3)
    rainbow (3.1.1)
    require_all (2.0.0)
    syslog (0.4.0)
      logger

GEM
  remote: https://rubygems.vpsfree.cz/
  specs:
    libosctl (25.11.0.build20260603142841)
      fiddle
      logger
      rainbow (~> 3.1.1)
      require_all (~> 2.0.0)
      syslog
    netlinkrb (0.18.vpsadminos.0)
    osctl-repo (25.11.0.build20260603142841)
      filelock
      gli (~> 2.22.0)
      json
      libosctl (= 25.11.0.build20260603142841)
      require_all (~> 2.0.0)
    osctld (25.11.0.build20260603142841)
      base64
      bindata (~> 2.5.0)
      concurrent-ruby (~> 1.3.4)
      fiddle
      ipaddress (~> 0.8.3)
      json
      libosctl (= 25.11.0.build20260603142841)
      netlinkrb (= 0.18.vpsadminos.0)
      osctl-repo (= 25.11.0.build20260603142841)
      osup (= 25.11.0.build20260603142841)
      require_all (~> 2.0.0)
      ruby-lxc (= 1.2.4.vpsadminos.5)
    osup (25.11.0.build20260603142841)
      gli (~> 2.22.0)
      json
      libosctl (= 25.11.0.build20260603142841)
      require_all (~> 2.0.0)
    ruby-lxc (1.2.4.vpsadminos.5)

PLATFORMS
  x86_64-linux

DEPENDENCIES
  libosctl!
  netlinkrb!
  osctl-repo!
  osctld (= 25.11.0.build20260603142841)!
  osup!
  ruby-lxc!

BUNDLED WITH
   2.7.2
