GEM
  remote: https://rubygems.org/
  specs:
    base64 (0.2.0)
    coderay (1.1.3)
    fiddle (1.1.8)
    gli (2.22.2)
      ostruct
    logger (1.7.0)
    method_source (1.1.0)
    ostruct (0.6.1)
    pry (0.15.2)
      coderay (~> 1.1)
      method_source (~> 1.0)
    rainbow (3.1.1)
    require_all (2.0.0)
    syslog (0.3.0)
      logger

GEM
  remote: https://rubygems.vpsfree.cz/
  specs:
    libosctl (24.11.0.build20250524083418)
      fiddle
      logger
      rainbow (~> 3.1.1)
      require_all (~> 2.0.0)
      syslog
    osvm (24.11.0.build20250524083418)
      base64
      gli (~> 2.22.0)
      libosctl (= 24.11.0.build20250524083418)
    test-runner (24.11.0.build20250524083418)
      gli (~> 2.22.0)
      libosctl (= 24.11.0.build20250524083418)
      osvm (= 24.11.0.build20250524083418)
      pry (~> 0.15.0)

PLATFORMS
  ruby
  x86_64-linux

DEPENDENCIES
  test-runner (= 24.11.0.build20250524083418)!

BUNDLED WITH
   2.5.22
