GEM
  remote: https://rubygems.vpsfree.cz/
  specs:
    curses (1.2.4)
    gli (2.17.1)
    highline (1.7.10)
    ipaddress (0.8.3)
    json (2.1.0)
    osctl (18.03.0.build20180602151709)
      curses
      gli (~> 2.17.1)
      highline (~> 1.7.10)
      ipaddress (~> 0.8.3)
      json
      rainbow (~> 3.0.0)
      require_all (~> 2.0.0)
      ruby-progressbar (~> 1.9.0)
    rainbow (3.0.0)
    require_all (2.0.0)
    ruby-progressbar (1.9.0)

PLATFORMS
  ruby

DEPENDENCIES
  osctl (= 18.03.0.build20180602151709)

BUNDLED WITH
   1.14.6
