GEM
  remote: https://rubygems.org/
  specs:
    base64 (0.2.0)
    curses (1.5.0)
    fiddle (1.1.8)
    gli (2.22.2)
      ostruct
    highline (3.1.2)
      reline
    io-console (0.8.0)
    ipaddress (0.8.3)
    json (2.11.3)
    logger (1.7.0)
    ostruct (0.6.1)
    rainbow (3.1.1)
    reline (0.6.1)
      io-console (~> 0.5)
    require_all (2.0.0)
    ruby-progressbar (1.13.0)
    syslog (0.3.0)
      logger
    tty-cursor (0.7.1)
    tty-spinner (0.9.3)
      tty-cursor (~> 0.7)

GEM
  remote: https://rubygems.vpsfree.cz/
  specs:
    libosctl (24.11.0.build20250501154624)
      fiddle
      logger
      rainbow (~> 3.1.1)
      require_all (~> 2.0.0)
      syslog
    osctl (24.11.0.build20250501154624)
      base64
      curses
      gli (~> 2.22.0)
      highline (~> 3.1.1)
      ipaddress (~> 0.8.3)
      json
      libosctl (= 24.11.0.build20250501154624)
      rainbow (~> 3.1.1)
      require_all (~> 2.0.0)
      ruby-progressbar (~> 1.13.0)
      tty-spinner (~> 0.9.3)

PLATFORMS
  ruby
  x86_64-linux

DEPENDENCIES
  libosctl!
  osctl (= 24.11.0.build20250501154624)!

BUNDLED WITH
   2.5.22
