GEM
  remote: https://rubygems.org/
  specs:
    base64 (0.3.0)
    fiddle (1.1.8)
    gli (2.22.2)
      ostruct
    logger (1.7.0)
    ostruct (0.6.3)
    rainbow (3.1.1)
    require_all (2.0.0)
    syslog (0.4.0)
      logger

GEM
  remote: https://rubygems.vpsfree.cz/
  specs:
    libosctl (25.11.0.build20260506155307)
      fiddle
      logger
      rainbow (~> 3.1.1)
      require_all (~> 2.0.0)
      syslog
    osvm (25.11.0.build20260506155307)
      base64
      gli (~> 2.22.0)
      libosctl (= 25.11.0.build20260506155307)

PLATFORMS
  x86_64-linux

DEPENDENCIES
  osvm (= 25.11.0.build20260506155307)!

BUNDLED WITH
   2.7.2
