GEM
  remote: https://rubygems.org/
  specs:
    base64 (0.2.0)
    curses (1.4.7)
    filelock (1.1.1)
    gli (2.22.0)
    highline (3.1.1)
      reline
    io-console (0.7.2)
    ipaddress (0.8.3)
    json (2.8.2)
    nio4r (2.7.4)
    prometheus-client (4.2.3)
      base64
    puma (6.5.0)
      nio4r (~> 2.0)
    rack (3.1.8)
    rainbow (3.1.1)
    reline (0.5.11)
      io-console (~> 0.5)
    require_all (2.0.0)
    ruby-progressbar (1.13.0)
    tty-cursor (0.7.1)
    tty-spinner (0.9.3)
      tty-cursor (~> 0.7)

GEM
  remote: https://rubygems.vpsfree.cz/
  specs:
    libosctl (24.05.0.build20241124114328)
      rainbow (~> 3.1.1)
      require_all (~> 2.0.0)
    osctl (24.05.0.build20241124114328)
      curses
      gli (~> 2.22.0)
      highline (~> 3.1.1)
      ipaddress (~> 0.8.3)
      json
      libosctl (= 24.05.0.build20241124114328)
      rainbow (~> 3.1.1)
      require_all (~> 2.0.0)
      ruby-progressbar (~> 1.13.0)
      tty-spinner (~> 0.9.3)
    osctl-exporter (24.05.0.build20241124114328)
      json
      libosctl (= 24.05.0.build20241124114328)
      osctl (= 24.05.0.build20241124114328)
      osctl-exportfs (= 24.05.0.build20241124114328)
      prometheus-client (~> 4.2.3)
      puma
      rack (~> 3.1)
      require_all (~> 2.0.0)
    osctl-exportfs (24.05.0.build20241124114328)
      filelock
      gli (~> 2.22.0)
      libosctl (= 24.05.0.build20241124114328)
      require_all (~> 2.0.0)

PLATFORMS
  ruby
  x86_64-linux

DEPENDENCIES
  osctl-exporter (= 24.05.0.build20241124114328)!

BUNDLED WITH
   2.5.9
