GEM
  remote: https://rubygems.org/
  specs:
    base64 (0.2.0)
    curses (1.4.7)
    fiddle (1.1.6)
    filelock (1.1.1)
    gli (2.22.2)
      ostruct
    highline (3.1.2)
      reline
    io-console (0.8.0)
    ipaddress (0.8.3)
    json (2.10.2)
    logger (1.6.6)
    nio4r (2.7.4)
    ostruct (0.6.1)
    prometheus-client (4.2.4)
      base64
    puma (6.6.0)
      nio4r (~> 2.0)
    rack (3.1.12)
    rainbow (3.1.1)
    reline (0.6.0)
      io-console (~> 0.5)
    require_all (2.0.0)
    ruby-progressbar (1.13.0)
    syslog (0.3.0)
      logger
    tty-cursor (0.7.1)
    tty-spinner (0.9.3)
      tty-cursor (~> 0.7)

GEM
  remote: https://rubygems.vpsfree.cz/
  specs:
    libosctl (24.11.0.build20250317154831)
      fiddle
      logger
      rainbow (~> 3.1.1)
      require_all (~> 2.0.0)
      syslog
    osctl (24.11.0.build20250317154831)
      base64
      curses
      gli (~> 2.22.0)
      highline (~> 3.1.1)
      ipaddress (~> 0.8.3)
      json
      libosctl (= 24.11.0.build20250317154831)
      rainbow (~> 3.1.1)
      require_all (~> 2.0.0)
      ruby-progressbar (~> 1.13.0)
      tty-spinner (~> 0.9.3)
    osctl-exporter (24.11.0.build20250317154831)
      json
      libosctl (= 24.11.0.build20250317154831)
      osctl (= 24.11.0.build20250317154831)
      osctl-exportfs (= 24.11.0.build20250317154831)
      prometheus-client (~> 4.2.3)
      puma
      rack (~> 3.1)
      require_all (~> 2.0.0)
    osctl-exportfs (24.11.0.build20250317154831)
      filelock
      gli (~> 2.22.0)
      libosctl (= 24.11.0.build20250317154831)
      require_all (~> 2.0.0)

PLATFORMS
  ruby
  x86_64-linux

DEPENDENCIES
  osctl-exporter (= 24.11.0.build20250317154831)!

BUNDLED WITH
   2.5.22
