GEM
  remote: https://rubygems.org/
  specs:
    base64 (0.3.0)
    curses (1.6.0)
    fiddle (1.1.8)
    filelock (1.1.1)
    gli (2.22.2)
      ostruct
    highline (3.1.2)
      reline
    io-console (0.8.2)
    ipaddress (0.8.3)
    json (2.19.8)
    logger (1.7.0)
    nio4r (2.7.5)
    ostruct (0.6.3)
    prometheus-client (4.2.5)
      base64
    puma (8.0.2)
      nio4r (~> 2.0)
    rack (3.2.6)
    rainbow (3.1.1)
    reline (0.6.3)
      io-console (~> 0.5)
    require_all (2.0.0)
    ruby-progressbar (1.13.0)
    syslog (0.4.0)
      logger
    tty-cursor (0.7.1)
    tty-spinner (0.9.3)
      tty-cursor (~> 0.7)

GEM
  remote: https://rubygems.vpsfree.cz/
  specs:
    libosctl (26.05.0.build20260610185909)
      fiddle
      logger
      rainbow (~> 3.1.1)
      require_all (~> 2.0.0)
      syslog
    osctl (26.05.0.build20260610185909)
      base64
      curses
      gli (~> 2.22.0)
      highline (~> 3.1.1)
      ipaddress (~> 0.8.3)
      json
      libosctl (= 26.05.0.build20260610185909)
      rainbow (~> 3.1.1)
      require_all (~> 2.0.0)
      ruby-progressbar (~> 1.13.0)
      tty-spinner (~> 0.9.3)
    osctl-exporter (26.05.0.build20260610185909)
      json
      libosctl (= 26.05.0.build20260610185909)
      osctl (= 26.05.0.build20260610185909)
      osctl-exportfs (= 26.05.0.build20260610185909)
      prometheus-client (~> 4.2.3)
      puma
      rack (~> 3.1)
      require_all (~> 2.0.0)
    osctl-exportfs (26.05.0.build20260610185909)
      filelock
      gli (~> 2.22.0)
      libosctl (= 26.05.0.build20260610185909)
      require_all (~> 2.0.0)

PLATFORMS
  ruby
  x86_64-linux

DEPENDENCIES
  osctl-exporter (= 26.05.0.build20260610185909)!

BUNDLED WITH
   2.7.2
